# This file is automatically @generated by Poetry 2.1.4 and should not be changed by hand.

[[package]]
name = "nats-py"
version = "2.13.1"
description = "NATS client for Python"
optional = false
python-versions = ">=3.7"
groups = ["main"]
files = [
    {file = "nats_py-2.13.1-py3-none-any.whl", hash = "sha256:838590cd4d3fae141fb3332c16c9861e0831b053a29cd844d51d1104dfc5b4d9"},
    {file = "nats_py-2.13.1.tar.gz", hash = "sha256:68a0afe018bdaa12740e0ae8c5a94e1937126d4901ae656afc382e2b3ab40005"},
]

[package.extras]
aiohttp = ["aiohttp"]
fast-parse = ["fast-mail-parser"]
nkeys = ["nkeys"]

[metadata]
lock-version = "2.1"
python-versions = "^3.12"
content-hash = "858409f6aee63965171e9ec8bc8aaad875fd10c2a0d7dc4d607666c906c82e96"
